
Microsoft Visual Studio Solution File, Format Version 12.00
# Visual Studio 14
VisualStudioVersion = 14.0.23107.0
MinimumVisualStudioVersion = 10.0.40219.1
Project("{FAE04EC0-301F-11D3-BF4B-00C04F79EFBC}") = "GettingStarted", "GettingStarted\GettingStarted.csproj", "{7D223417-892A-4888-B62E-A18AF49E4C00}"
EndProject
Project("{FAE04EC0-301F-11D3-BF4B-00C04F79EFBC}") = "HelloWorld", "HelloWorld\HelloWorld.csproj", "{A5C5509F-EE90-434E-8AFD-7E0B7434E486}"
EndProject
Project("{CC5FD16D-436D-48AD-A40C-5A424C6E3E79}") = "WorkerRole", "WorkerRole\WorkerRole.ccproj", "{6F06017C-C931-4190-88C5-6B659B187C9E}"
EndProject
Project("{FAE04EC0-301F-11D3-BF4B-00C04F79EFBC}") = "MyWorkerRole", "MyWorkerRole\MyWorkerRole.csproj", "{1B716649-FA23-4F62-9E0E-B2048EE1BF27}"
EndProject
Global
	GlobalSection(SolutionConfigurationPlatforms) = preSolution
		Debug|Any CPU = Debug|Any CPU
		Release|Any CPU = Release|Any CPU
	EndGlobalSection
	GlobalSection(ProjectConfigurationPlatforms) = postSolution
		{7D223417-892A-4888-B62E-A18AF49E4C00}.Debug|Any CPU.ActiveCfg = Debug|Any CPU
		{7D223417-892A-4888-B62E-A18AF49E4C00}.Debug|Any CPU.Build.0 = Debug|Any CPU
		{7D223417-892A-4888-B62E-A18AF49E4C00}.Release|Any CPU.ActiveCfg = Release|Any CPU
		{7D223417-892A-4888-B62E-A18AF49E4C00}.Release|Any CPU.Build.0 = Release|Any CPU
		{A5C5509F-EE90-434E-8AFD-7E0B7434E486}.Debug|Any CPU.ActiveCfg = Debug|Any CPU
		{A5C5509F-EE90-434E-8AFD-7E0B7434E486}.Debug|Any CPU.Build.0 = Debug|Any CPU
		{A5C5509F-EE90-434E-8AFD-7E0B7434E486}.Release|Any CPU.ActiveCfg = Release|Any CPU
		{A5C5509F-EE90-434E-8AFD-7E0B7434E486}.Release|Any CPU.Build.0 = Release|Any CPU
		{6F06017C-C931-4190-88C5-6B659B187C9E}.Debug|Any CPU.ActiveCfg = Debug|Any CPU
		{6F06017C-C931-4190-88C5-6B659B187C9E}.Debug|Any CPU.Build.0 = Debug|Any CPU
		{6F06017C-C931-4190-88C5-6B659B187C9E}.Release|Any CPU.ActiveCfg = Release|Any CPU
		{6F06017C-C931-4190-88C5-6B659B187C9E}.Release|Any CPU.Build.0 = Release|Any CPU
		{1B716649-FA23-4F62-9E0E-B2048EE1BF27}.Debug|Any CPU.ActiveCfg = Debug|Any CPU
		{1B716649-FA23-4F62-9E0E-B2048EE1BF27}.Debug|Any CPU.Build.0 = Debug|Any CPU
		{1B716649-FA23-4F62-9E0E-B2048EE1BF27}.Release|Any CPU.ActiveCfg = Release|Any CPU
		{1B716649-FA23-4F62-9E0E-B2048EE1BF27}.Release|Any CPU.Build.0 = Release|Any CPU
	EndGlobalSection
	GlobalSection(SolutionProperties) = preSolution
		HideSolutionNode = FALSE
	EndGlobalSection
EndGlobal
